
Microsoft Visual Studio Solution File, Format Version 12.00
Project("{FAE04EC0-301F-11D3-BF4B-00C04F79EFBC}") = "FoothillOOPTask", "FoothillOOPTask\FoothillOOPTask.csproj", "{12E1BF24-4A45-41A3-95E8-4E8BCA6945CB}"
EndProject
Global
	GlobalSection(SolutionConfigurationPlatforms) = preSolution
		Debug|Any CPU = Debug|Any CPU
		Release|Any CPU = Release|Any CPU
	EndGlobalSection
	GlobalSection(ProjectConfigurationPlatforms) = postSolution
		{12E1BF24-4A45-41A3-95E8-4E8BCA6945CB}.Debug|Any CPU.ActiveCfg = Debug|Any CPU
		{12E1BF24-4A45-41A3-95E8-4E8BCA6945CB}.Debug|Any CPU.Build.0 = Debug|Any CPU
		{12E1BF24-4A45-41A3-95E8-4E8BCA6945CB}.Release|Any CPU.ActiveCfg = Release|Any CPU
		{12E1BF24-4A45-41A3-95E8-4E8BCA6945CB}.Release|Any CPU.Build.0 = Release|Any CPU
	EndGlobalSection
EndGlobal
